// !$*UTF8*$!
{
	archiveVersion = 1;
	classes = {
	};
	objectVersion = 46;
	objects = {

/* Begin PBXBuildFile section */
		14387F301DE7729400EC2CB0 /* main.m in Sources */ = {isa = PBXBuildFile; fileRef = 14387F2F1DE7729400EC2CB0 /* main.m */; };
		14387F331DE7729400EC2CB0 /* AppDelegate.m in Sources */ = {isa = PBXBuildFile; fileRef = 14387F321DE7729400EC2CB0 /* AppDelegate.m */; };
		14387F361DE7729400EC2CB0 /* ViewController.m in Sources */ = {isa = PBXBuildFile; fileRef = 14387F351DE7729400EC2CB0 /* ViewController.m */; };
		14387F391DE7729400EC2CB0 /* Main.storyboard in Resources */ = {isa = PBXBuildFile; fileRef = 14387F371DE7729400EC2CB0 /* Main.storyboard */; };
		14387F3C1DE7729400EC2CB0 /* Receipts__.xcdatamodeld in Sources */ = {isa = PBXBuildFile; fileRef = 14387F3A1DE7729400EC2CB0 /* Receipts__.xcdatamodeld */; };
		14387F3E1DE7729400EC2CB0 /* Assets.xcassets in Resources */ = {isa = PBXBuildFile; fileRef = 14387F3D1DE7729400EC2CB0 /* Assets.xcassets */; };
		14387F411DE7729400EC2CB0 /* LaunchScreen.storyboard in Resources */ = {isa = PBXBuildFile; fileRef = 14387F3F1DE7729400EC2CB0 /* LaunchScreen.storyboard */; };
/* End PBXBuildFile section */

/* Begin PBXFileReference section */
		14387F2B1DE7729400EC2CB0 /* Receipts++.app */ = {isa = PBXFileReference; explicitFileType = wrapper.application; includeInIndex = 0; path = "Receipts++.app"; sourceTree = BUILT_PRODUCTS_DIR; };
		14387F2F1DE7729400EC2CB0 /* main.m */ = {isa = PBXFileReference; lastKnownFileType = sourcecode.c.objc; path = main.m; sourceTree = "<group>"; };
		14387F311DE7729400EC2CB0 /* AppDelegate.h */ = {isa = PBXFileReference; lastKnownFileType = sourcecode.c.h; path = AppDelegate.h; sourceTree = "<group>"; };
		14387F321DE7729400EC2CB0 /* AppDelegate.m */ = {isa = PBXFileReference; lastKnownFileType = sourcecode.c.objc; path = AppDelegate.m; sourceTree = "<group>"; };
		14387F341DE7729400EC2CB0 /* ViewController.h */ = {isa = PBXFileReference; lastKnownFileType = sourcecode.c.h; path = ViewController.h; sourceTree = "<group>"; };
		14387F351DE7729400EC2CB0 /* ViewController.m */ = {isa = PBXFileReference; lastKnownFileType = sourcecode.c.objc; path = ViewController.m; sourceTree = "<group>"; };
		14387F381DE7729400EC2CB0 /* Base */ = {isa = PBXFileReference; lastKnownFileType = file.storyboard; name = Base; path = Base.lproj/Main.storyboard; sourceTree = "<group>"; };
		14387F3B1DE7729400EC2CB0 /* Receipts__.xcdatamodel */ = {isa = PBXFileReference; lastKnownFileType = wrapper.xcdatamodel; path = Receipts__.xcdatamodel; sourceTree = "<group>"; };
		14387F3D1DE7729400EC2CB0 /* Assets.xcassets */ = {isa = PBXFileReference; lastKnownFileType = folder.assetcatalog; path = Assets.xcassets; sourceTree = "<group>"; };
		14387F401DE7729400EC2CB0 /* Base */ = {isa = PBXFileReference; lastKnownFileType = file.storyboard; name = Base; path = Base.lproj/LaunchScreen.storyboard; sourceTree = "<group>"; };
		14387F421DE7729400EC2CB0 /* Info.plist */ = {isa = PBXFileReference; lastKnownFileType = text.plist.xml; path = Info.plist; sourceTree = "<group>"; };
/* End PBXFileReference section */

/* Begin PBXFrameworksBuildPhase section */
		14387F281DE7729400EC2CB0 /* Frameworks */ = {
			isa = PBXFrameworksBuildPhase;
			buildActionMask = 2147483647;
			files = (
			);
			runOnlyForDeploymentPostprocessing = 0;
		};
/* End PBXFrameworksBuildPhase section */

/* Begin PBXGroup section */
		14387F221DE7729400EC2CB0 = {
			isa = PBXGroup;
			children = (
				14387F2D1DE7729400EC2CB0 /* Receipts++ */,
				14387F2C1DE7729400EC2CB0 /* Products */,
			);
			sourceTree = "<group>";
		};
		14387F2C1DE7729400EC2CB0 /* Products */ = {
			isa = PBXGroup;
			children = (
				14387F2B1DE7729400EC2CB0 /* Receipts++.app */,
			);
			name = Products;
			sourceTree = "<group>";
		};
		14387F2D1DE7729400EC2CB0 /* Receipts++ */ = {
			isa = PBXGroup;
			children = (
				14387F4B1DE7748A00EC2CB0 /* Views */,
				14387F4A1DE7748800EC2CB0 /* UI */,
				14387F491DE7748600EC2CB0 /* Controllers */,
				14387F481DE7748400EC2CB0 /* Models */,
				14387F2E1DE7729400EC2CB0 /* Supporting Files */,
			);
			path = "Receipts++";
			sourceTree = "<group>";
		};
		14387F2E1DE7729400EC2CB0 /* Supporting Files */ = {
			isa = PBXGroup;
			children = (
				14387F3D1DE7729400EC2CB0 /* Assets.xcassets */,
				14387F421DE7729400EC2CB0 /* Info.plist */,
				14387F3A1DE7729400EC2CB0 /* Receipts__.xcdatamodeld */,
				14387F2F1DE7729400EC2CB0 /* main.m */,
			);
			name = "Supporting Files";
			sourceTree = "<group>";
		};
		14387F481DE7748400EC2CB0 /* Models */ = {
			isa = PBXGroup;
			children = (
				14387F311DE7729400EC2CB0 /* AppDelegate.h */,
				14387F321DE7729400EC2CB0 /* AppDelegate.m */,
			);
			name = Models;
			sourceTree = "<group>";
		};
		14387F491DE7748600EC2CB0 /* Controllers */ = {
			isa = PBXGroup;
			children = (
				14387F341DE7729400EC2CB0 /* ViewController.h */,
				14387F351DE7729400EC2CB0 /* ViewController.m */,
			);
			name = Controllers;
			sourceTree = "<group>";
		};
		14387F4A1DE7748800EC2CB0 /* UI */ = {
			isa = PBXGroup;
			children = (
				14387F371DE7729400EC2CB0 /* Main.storyboard */,
				14387F3F1DE7729400EC2CB0 /* LaunchScreen.storyboard */,
			);
			name = UI;
			sourceTree = "<group>";
		};
		14387F4B1DE7748A00EC2CB0 /* Views */ = {
			isa = PBXGroup;
			children = (
			);
			name = Views;
			sourceTree = "<group>";
		};
/* End PBXGroup section */

/* Begin PBXNativeTarget section */
		14387F2A1DE7729400EC2CB0 /* Receipts++ */ = {
			isa = PBXNativeTarget;
			buildConfigurationList = 14387F451DE7729400EC2CB0 /* Build configuration list for PBXNativeTarget "Receipts++" */;
			buildPhases = (
				14387F271DE7729400EC2CB0 /* Sources */,
				14387F281DE7729400EC2CB0 /* Frameworks */,
				14387F291DE7729400EC2CB0 /* Resources */,
			);
			buildRules = (
			);
			dependencies = (
			);
			name = "Receipts++";
			productName = "Receipts++";
			productReference = 14387F2B1DE7729400EC2CB0 /* Receipts++.app */;
			productType = "com.apple.product-type.application";
		};
/* End PBXNativeTarget section */

/* Begin PBXProject section */
		14387F231DE7729400EC2CB0 /* Project object */ = {
			isa = PBXProject;
			attributes = {
				LastUpgradeCheck = 0810;
				ORGANIZATIONNAME = suvanr;
				TargetAttributes = {
					14387F2A1DE7729400EC2CB0 = {
						CreatedOnToolsVersion = 8.1;
						ProvisioningStyle = Automatic;
					};
				};
			};
			buildConfigurationList = 14387F261DE7729400EC2CB0 /* Build configuration list for PBXProject "Receipts++" */;
			compatibilityVersion = "Xcode 3.2";
			developmentRegion = English;
			hasScannedForEncodings = 0;
			knownRegions = (
				en,
				Base,
			);
			mainGroup = 14387F221DE7729400EC2CB0;
			productRefGroup = 14387F2C1DE7729400EC2CB0 /* Products */;
			projectDirPath = "";
			projectRoot = "";
			targets = (
				14387F2A1DE7729400EC2CB0 /* Receipts++ */,
			);
		};
/* End PBXProject section */

/* Begin PBXResourcesBuildPhase section */
		14387F291DE7729400EC2CB0 /* Resources */ = {
			isa = PBXResourcesBuildPhase;
			buildActionMask = 2147483647;
			files = (
				14387F411DE7729400EC2CB0 /* LaunchScreen.storyboard in Resources */,
				14387F3E1DE7729400EC2CB0 /* Assets.xcassets in Resources */,
				14387F391DE7729400EC2CB0 /* Main.storyboard in Resources */,
			);
			runOnlyForDeploymentPostprocessing = 0;
		};
/* End PBXResourcesBuildPhase section */

/* Begin PBXSourcesBuildPhase section */
		14387F271DE7729400EC2CB0 /* Sources */ = {
			isa = PBXSourcesBuildPhase;
			buildActionMask = 2147483647;
			files = (
				14387F3C1DE7729400EC2CB0 /* Receipts__.xcdatamodeld in Sources */,
				14387F361DE7729400EC2CB0 /* ViewController.m in Sources */,
				14387F331DE7729400EC2CB0 /* AppDelegate.m in Sources */,
				14387F301DE7729400EC2CB0 /* main.m in Sources */,
			);
			runOnlyForDeploymentPostprocessing = 0;
		};
/* End PBXSourcesBuildPhase section */

/* Begin PBXVariantGroup section */
		14387F371DE7729400EC2CB0 /* Main.storyboard */ = {
			isa = PBXVariantGroup;
			children = (
				14387F381DE7729400EC2CB0 /* Base */,
			);
			name = Main.storyboard;
			sourceTree = "<group>";
		};
		14387F3F1DE7729400EC2CB0 /* LaunchScreen.storyboard */ = {
			isa = PBXVariantGroup;
			children = (
				14387F401DE7729400EC2CB0 /* Base */,
			);
			name = LaunchScreen.storyboard;
			sourceTree = "<group>";
		};
/* End PBXVariantGroup section */

/* Begin XCBuildConfiguration section */
		14387F431DE7729400EC2CB0 /* Debug */ = {
			isa = XCBuildConfiguration;
			buildSettings = {
				ALWAYS_SEARCH_USER_PATHS = NO;
				CLANG_ANALYZER_NONNULL = YES;
				CLANG_CXX_LANGUAGE_STANDARD = "gnu++0x";
				CLANG_CXX_LIBRARY = "libc++";
				CLANG_ENABLE_MODULES = YES;
				CLANG_ENABLE_OBJC_ARC = YES;
				CLANG_WARN_BOOL_CONVERSION = YES;
				CLANG_WARN_CONSTANT_CONVERSION = YES;
				CLANG_WARN_DIRECT_OBJC_ISA_USAGE = YES_ERROR;
				CLANG_WARN_DOCUMENTATION_COMMENTS = YES;
				CLANG_WARN_EMPTY_BODY = YES;
				CLANG_WARN_ENUM_CONVERSION = YES;
				CLANG_WARN_INFINITE_RECURSION = YES;
				CLANG_WARN_INT_CONVERSION = YES;
				CLANG_WARN_OBJC_ROOT_CLASS = YES_ERROR;
				CLANG_WARN_SUSPICIOUS_MOVES = YES;
				CLANG_WARN_UNREACHABLE_CODE = YES;
				CLANG_WARN__DUPLICATE_METHOD_MATCH = YES;
				"CODE_SIGN_IDENTITY[sdk=iphoneos*]" = "iPhone Developer";
				COPY_PHASE_STRIP = NO;
				DEBUG_INFORMATION_FORMAT = dwarf;
				ENABLE_STRICT_OBJC_MSGSEND = YES;
				ENABLE_TESTABILITY = YES;
				GCC_C_LANGUAGE_STANDARD = gnu99;
				GCC_DYNAMIC_NO_PIC = NO;
				GCC_NO_COMMON_BLOCKS = YES;
				GCC_OPTIMIZATION_LEVEL = 0;
				GCC_PREPROCESSOR_DEFINITIONS = (
					"DEBUG=1",
					"$(inherited)",
				);
				GCC_WARN_64_TO_32_BIT_CONVERSION = YES;
				GCC_WARN_ABOUT_RETURN_TYPE = YES_ERROR;
				GCC_WARN_UNDECLARED_SELECTOR = YES;
				GCC_WARN_UNINITIALIZED_AUTOS = YES_AGGRESSIVE;
				GCC_WARN_UNUSED_FUNCTION = YES;
				GCC_WARN_UNUSED_VARIABLE = YES;
				IPHONEOS_DEPLOYMENT_TARGET = 10.1;
				MTL_ENABLE_DEBUG_INFO = YES;
				ONLY_ACTIVE_ARCH = YES;
				SDKROOT = iphoneos;
			};
			name = Debug;
		};
		14387F441DE7729400EC2CB0 /* Release */ = {
			isa = XCBuildConfiguration;
			buildSettings = {
				ALWAYS_SEARCH_USER_PATHS = NO;
				CLANG_ANALYZER_NONNULL = YES;
				CLANG_CXX_LANGUAGE_STANDARD = "gnu++0x";
				CLANG_CXX_LIBRARY = "libc++";
				CLANG_ENABLE_MODULES = YES;
				CLANG_ENABLE_OBJC_ARC = YES;
				CLANG_WARN_BOOL_CONVERSION = YES;
				CLANG_WARN_CONSTANT_CONVERSION = YES;
				CLANG_WARN_DIRECT_OBJC_ISA_USAGE = YES_ERROR;
				CLANG_WARN_DOCUMENTATION_COMMENTS = YES;
				CLANG_WARN_EMPTY_BODY = YES;
				CLANG_WARN_ENUM_CONVERSION = YES;
				CLANG_WARN_INFINITE_RECURSION = YES;
				CLANG_WARN_INT_CONVERSION = YES;
				CLANG_WARN_OBJC_ROOT_CLASS = YES_ERROR;
				CLANG_WARN_SUSPICIOUS_MOVES = YES;
				CLANG_WARN_UNREACHABLE_CODE = YES;
				CLANG_WARN__DUPLICATE_METHOD_MATCH = YES;
				"CODE_SIGN_IDENTITY[sdk=iphoneos*]" = "iPhone Developer";
				COPY_PHASE_STRIP = NO;
				DEBUG_INFORMATION_FORMAT = "dwarf-with-dsym";
				ENABLE_NS_ASSERTIONS = NO;
				ENABLE_STRICT_OBJC_MSGSEND = YES;
				GCC_C_LANGUAGE_STANDARD = gnu99;
				GCC_NO_COMMON_BLOCKS = YES;
				GCC_WARN_64_TO_32_BIT_CONVERSION = YES;
				GCC_WARN_ABOUT_RETURN_TYPE = YES_ERROR;
				GCC_WARN_UNDECLARED_SELECTOR = YES;
				GCC_WARN_UNINITIALIZED_AUTOS = YES_AGGRESSIVE;
				GCC_WARN_UNUSED_FUNCTION = YES;
				GCC_WARN_UNUSED_VARIABLE = YES;
				IPHONEOS_DEPLOYMENT_TARGET = 10.1;
				MTL_ENABLE_DEBUG_INFO = NO;
				SDKROOT = iphoneos;
				VALIDATE_PRODUCT = YES;
			};
			name = Release;
		};
		14387F461DE7729400EC2CB0 /* Debug */ = {
			isa = XCBuildConfiguration;
			buildSettings = {
				ASSETCATALOG_COMPILER_APPICON_NAME = AppIcon;
				INFOPLIST_FILE = "Receipts++/Info.plist";
				LD_RUNPATH_SEARCH_PATHS = "$(inherited) @executable_path/Frameworks";
				PRODUCT_BUNDLE_IDENTIFIER = "com.suvanr.Receipts--";
				PRODUCT_NAME = "$(TARGET_NAME)";
			};
			name = Debug;
		};
		14387F471DE7729400EC2CB0 /* Release */ = {
			isa = XCBuildConfiguration;
			buildSettings = {
				ASSETCATALOG_COMPILER_APPICON_NAME = AppIcon;
				INFOPLIST_FILE = "Receipts++/Info.plist";
				LD_RUNPATH_SEARCH_PATHS = "$(inherited) @executable_path/Frameworks";
				PRODUCT_BUNDLE_IDENTIFIER = "com.suvanr.Receipts--";
				PRODUCT_NAME = "$(TARGET_NAME)";
			};
			name = Release;
		};
/* End XCBuildConfiguration section */

/* Begin XCConfigurationList section */
		14387F261DE7729400EC2CB0 /* Build configuration list for PBXProject "Receipts++" */ = {
			isa = XCConfigurationList;
			buildConfigurations = (
				14387F431DE7729400EC2CB0 /* Debug */,
				14387F441DE7729400EC2CB0 /* Release */,
			);
			defaultConfigurationIsVisible = 0;
			defaultConfigurationName = Release;
		};
		14387F451DE7729400EC2CB0 /* Build configuration list for PBXNativeTarget "Receipts++" */ = {
			isa = XCConfigurationList;
			buildConfigurations = (
				14387F461DE7729400EC2CB0 /* Debug */,
				14387F471DE7729400EC2CB0 /* Release */,
			);
			defaultConfigurationIsVisible = 0;
		};
/* End XCConfigurationList section */

/* Begin XCVersionGroup section */
		14387F3A1DE7729400EC2CB0 /* Receipts__.xcdatamodeld */ = {
			isa = XCVersionGroup;
			children = (
				14387F3B1DE7729400EC2CB0 /* Receipts__.xcdatamodel */,
			);
			currentVersion = 14387F3B1DE7729400EC2CB0 /* Receipts__.xcdatamodel */;
			path = Receipts__.xcdatamodeld;
			sourceTree = "<group>";
			versionGroupType = wrapper.xcdatamodel;
		};
/* End XCVersionGroup section */
	};
	rootObject = 14387F231DE7729400EC2CB0 /* Project object */;
}
